
Microsoft Visual Studio Solution File, Format Version 11.00
# Visual Studio 2010
Project("{FAE04EC0-301F-11D3-BF4B-00C04F79EFBC}") = "TestApp", "TestApp\TestApp.csproj", "{E1E4FC46-6E4C-44E8-8D9F-71597798B13C}"
EndProject
Global
	GlobalSection(SolutionConfigurationPlatforms) = preSolution
		Debug|iPhoneSimulator = Debug|iPhoneSimulator
		Release|iPhoneSimulator = Release|iPhoneSimulator
		Debug|iPhone = Debug|iPhone
		Release|iPhone = Release|iPhone
		Ad-Hoc|iPhone = Ad-Hoc|iPhone
		AppStore|iPhone = AppStore|iPhone
	EndGlobalSection
	GlobalSection(ProjectConfigurationPlatforms) = postSolution
		{E1E4FC46-6E4C-44E8-8D9F-71597798B13C}.Ad-Hoc|iPhone.ActiveCfg = Ad-Hoc|iPhone
		{E1E4FC46-6E4C-44E8-8D9F-71597798B13C}.Ad-Hoc|iPhone.Build.0 = Ad-Hoc|iPhone
		{E1E4FC46-6E4C-44E8-8D9F-71597798B13C}.AppStore|iPhone.ActiveCfg = AppStore|iPhone
		{E1E4FC46-6E4C-44E8-8D9F-71597798B13C}.AppStore|iPhone.Build.0 = AppStore|iPhone
		{E1E4FC46-6E4C-44E8-8D9F-71597798B13C}.Debug|iPhone.ActiveCfg = Debug|iPhone
		{E1E4FC46-6E4C-44E8-8D9F-71597798B13C}.Debug|iPhone.Build.0 = Debug|iPhone
		{E1E4FC46-6E4C-44E8-8D9F-71597798B13C}.Debug|iPhoneSimulator.ActiveCfg = Debug|iPhoneSimulator
		{E1E4FC46-6E4C-44E8-8D9F-71597798B13C}.Debug|iPhoneSimulator.Build.0 = Debug|iPhoneSimulator
		{E1E4FC46-6E4C-44E8-8D9F-71597798B13C}.Release|iPhone.ActiveCfg = Release|iPhone
		{E1E4FC46-6E4C-44E8-8D9F-71597798B13C}.Release|iPhone.Build.0 = Release|iPhone
		{E1E4FC46-6E4C-44E8-8D9F-71597798B13C}.Release|iPhoneSimulator.ActiveCfg = Release|iPhoneSimulator
		{E1E4FC46-6E4C-44E8-8D9F-71597798B13C}.Release|iPhoneSimulator.Build.0 = Release|iPhoneSimulator
	EndGlobalSection
	GlobalSection(MonoDevelopProperties) = preSolution
		StartupItem = TestApp\TestApp.csproj
	EndGlobalSection
EndGlobal
